
Microsoft Visual Studio Solution File, Format Version 12.00
Project("{2150E333-8FDC-42A3-9474-1A3956D46DE8}") = "1 - Application", "1 - Application", "{833151CA-F1B1-4D6D-A262-F635096CA959}"
EndProject
Project("{2150E333-8FDC-42A3-9474-1A3956D46DE8}") = "2 - Domain", "2 - Domain", "{B257783A-E28C-47C2-A747-E834FFC9DB31}"
EndProject
Project("{2150E333-8FDC-42A3-9474-1A3956D46DE8}") = "3 - Services", "3 - Services", "{B3197047-D957-4BDF-A96B-8DCC92F9B6E7}"
EndProject
Project("{2150E333-8FDC-42A3-9474-1A3956D46DE8}") = "4 - Infrastructure", "4 - Infrastructure", "{E8FFAC18-0D2F-4FB6-B4DB-EA827359B3D0}"
EndProject
Project("{2150E333-8FDC-42A3-9474-1A3956D46DE8}") = "5 - Shared", "5 - Shared", "{CE0064FA-2B4C-4B9A-8696-EF2AC25899B1}"
EndProject
Project("{2150E333-8FDC-42A3-9474-1A3956D46DE8}") = "99 - Tests", "99 - Tests", "{720AD609-EB42-42AB-BD6A-4C2D00D849E1}"
EndProject
Project("{FAE04EC0-301F-11D3-BF4B-00C04F79EFBC}") = "Flight.Tests", "Flight.Tests\Flight.Tests.csproj", "{F43BBDC0-AC57-4D3A-9B6E-3D53E7C47BFB}"
EndProject
Project("{FAE04EC0-301F-11D3-BF4B-00C04F79EFBC}") = "Flight.Shared", "Flight.Shared\Flight.Shared.csproj", "{69290F3A-469D-4F3A-91A0-5BC69959675C}"
EndProject
Project("{FAE04EC0-301F-11D3-BF4B-00C04F79EFBC}") = "Flight.Infrastructure", "Flight.Infrastructure\Flight.Infrastructure.csproj", "{CE487C81-82F2-474D-AA4B-A73BC125CFBA}"
EndProject
Project("{FAE04EC0-301F-11D3-BF4B-00C04F79EFBC}") = "Flight.Services", "Flight.Services\Flight.Services.csproj", "{50035485-611F-461B-AE5F-CC832332A1D3}"
EndProject
Project("{FAE04EC0-301F-11D3-BF4B-00C04F79EFBC}") = "Flight.Domain", "Flight.Domain\Flight.Domain.csproj", "{EA782FC3-A697-4157-A4F0-B02F7F5B62EA}"
EndProject
Project("{FAE04EC0-301F-11D3-BF4B-00C04F79EFBC}") = "Flight.Api", "Flight.Api\Flight.Api.csproj", "{4C500B89-D019-4B91-88AD-987593C3DF52}"
EndProject
Global
	GlobalSection(SolutionConfigurationPlatforms) = preSolution
		Debug|Any CPU = Debug|Any CPU
		Release|Any CPU = Release|Any CPU
	EndGlobalSection
	GlobalSection(NestedProjects) = preSolution
		{F43BBDC0-AC57-4D3A-9B6E-3D53E7C47BFB} = {720AD609-EB42-42AB-BD6A-4C2D00D849E1}
		{69290F3A-469D-4F3A-91A0-5BC69959675C} = {CE0064FA-2B4C-4B9A-8696-EF2AC25899B1}
		{CE487C81-82F2-474D-AA4B-A73BC125CFBA} = {E8FFAC18-0D2F-4FB6-B4DB-EA827359B3D0}
		{50035485-611F-461B-AE5F-CC832332A1D3} = {B3197047-D957-4BDF-A96B-8DCC92F9B6E7}
		{EA782FC3-A697-4157-A4F0-B02F7F5B62EA} = {B257783A-E28C-47C2-A747-E834FFC9DB31}
		{4C500B89-D019-4B91-88AD-987593C3DF52} = {833151CA-F1B1-4D6D-A262-F635096CA959}
	EndGlobalSection
	GlobalSection(ProjectConfigurationPlatforms) = postSolution
		{F43BBDC0-AC57-4D3A-9B6E-3D53E7C47BFB}.Debug|Any CPU.ActiveCfg = Debug|Any CPU
		{F43BBDC0-AC57-4D3A-9B6E-3D53E7C47BFB}.Debug|Any CPU.Build.0 = Debug|Any CPU
		{F43BBDC0-AC57-4D3A-9B6E-3D53E7C47BFB}.Release|Any CPU.ActiveCfg = Release|Any CPU
		{F43BBDC0-AC57-4D3A-9B6E-3D53E7C47BFB}.Release|Any CPU.Build.0 = Release|Any CPU
		{69290F3A-469D-4F3A-91A0-5BC69959675C}.Debug|Any CPU.ActiveCfg = Debug|Any CPU
		{69290F3A-469D-4F3A-91A0-5BC69959675C}.Debug|Any CPU.Build.0 = Debug|Any CPU
		{69290F3A-469D-4F3A-91A0-5BC69959675C}.Release|Any CPU.ActiveCfg = Release|Any CPU
		{69290F3A-469D-4F3A-91A0-5BC69959675C}.Release|Any CPU.Build.0 = Release|Any CPU
		{CE487C81-82F2-474D-AA4B-A73BC125CFBA}.Debug|Any CPU.ActiveCfg = Debug|Any CPU
		{CE487C81-82F2-474D-AA4B-A73BC125CFBA}.Debug|Any CPU.Build.0 = Debug|Any CPU
		{CE487C81-82F2-474D-AA4B-A73BC125CFBA}.Release|Any CPU.ActiveCfg = Release|Any CPU
		{CE487C81-82F2-474D-AA4B-A73BC125CFBA}.Release|Any CPU.Build.0 = Release|Any CPU
		{50035485-611F-461B-AE5F-CC832332A1D3}.Debug|Any CPU.ActiveCfg = Debug|Any CPU
		{50035485-611F-461B-AE5F-CC832332A1D3}.Debug|Any CPU.Build.0 = Debug|Any CPU
		{50035485-611F-461B-AE5F-CC832332A1D3}.Release|Any CPU.ActiveCfg = Release|Any CPU
		{50035485-611F-461B-AE5F-CC832332A1D3}.Release|Any CPU.Build.0 = Release|Any CPU
		{EA782FC3-A697-4157-A4F0-B02F7F5B62EA}.Debug|Any CPU.ActiveCfg = Debug|Any CPU
		{EA782FC3-A697-4157-A4F0-B02F7F5B62EA}.Debug|Any CPU.Build.0 = Debug|Any CPU
		{EA782FC3-A697-4157-A4F0-B02F7F5B62EA}.Release|Any CPU.ActiveCfg = Release|Any CPU
		{EA782FC3-A697-4157-A4F0-B02F7F5B62EA}.Release|Any CPU.Build.0 = Release|Any CPU
		{4C500B89-D019-4B91-88AD-987593C3DF52}.Debug|Any CPU.ActiveCfg = Debug|Any CPU
		{4C500B89-D019-4B91-88AD-987593C3DF52}.Debug|Any CPU.Build.0 = Debug|Any CPU
		{4C500B89-D019-4B91-88AD-987593C3DF52}.Release|Any CPU.ActiveCfg = Release|Any CPU
		{4C500B89-D019-4B91-88AD-987593C3DF52}.Release|Any CPU.Build.0 = Release|Any CPU
	EndGlobalSection
EndGlobal
